# THIS IS AN AUTOGENERATED FILE. DO NOT EDIT THIS FILE DIRECTLY.
# yarn lockfile v1


"@fortawesome/fontawesome-free@^5.7.2":
  version "5.7.2"
  resolved "https://registry.yarnpkg.com/@fortawesome/fontawesome-free/-/fontawesome-free-5.7.2.tgz#1498c3eb78ee7c78c5488418707de90aaf58d5d7"
  integrity sha512-Ha4HshKdCVKgu4TVCtG8XyPPYdzTzNW4/fvPnn+LT7AosRABryhlRv4cc4+o84dgpvVJN9reN7jo/c+nYujFug==

bootstrap@^4.1.3:
  version "4.1.3"
  resolved "https://registry.yarnpkg.com/bootstrap/-/bootstrap-4.1.3.tgz#0eb371af2c8448e8c210411d0cb824a6409a12be"

jquery@>=1.7.0:
  version "3.3.1"
  resolved "https://registry.yarnpkg.com/jquery/-/jquery-3.3.1.tgz#958ce29e81c9790f31be7792df5d4d95fc57fbca"

nette-forms@nette/forms:
  version "2.4.2"
  resolved "https://codeload.github.com/nette/forms/tar.gz/c2d4d93342026536b8d67b86e702e3b91c5111f9"

nette.ajax.js@vojtech-dobes/nette.ajax.js:
  version "2.3.0"
  resolved "https://codeload.github.com/vojtech-dobes/nette.ajax.js/tar.gz/638d3cfc9061c8f4ed31cecd3462f898d2b674be"
  dependencies:
    jquery ">=1.7.0"

websockets-wamp@iPublikuj/websockets-wamp:
  version "0.0.0"
  resolved "https://codeload.github.com/iPublikuj/websockets-wamp/tar.gz/fd4707bdc8d86fd559151f8389d562e4868a2c86"
